
Microsoft Visual Studio Solution File, Format Version 12.00
# Visual Studio 14
VisualStudioVersion = 14.0.24720.0
MinimumVisualStudioVersion = 10.0.40219.1
Project("{FAE04EC0-301F-11D3-BF4B-00C04F79EFBC}") = "Management", "Management\Management.csproj", "{205EDBCE-0816-4923-9CCA-AACFFC1FE8D8}"
EndProject
Project("{FAE04EC0-301F-11D3-BF4B-00C04F79EFBC}") = "Management.Tests", "Management.Tests\Management.Tests.csproj", "{9415A127-7338-4A69-A498-6F2BB1FF9305}"
EndProject
Project("{2150E333-8FDC-42A3-9474-1A3956D46DE8}") = "Web Services", "Web Services", "{0E487B82-0AF6-4297-AAD1-3F6EE18F54B5}"
EndProject
Project("{2150E333-8FDC-42A3-9474-1A3956D46DE8}") = "Common", "Common", "{A2AF542D-9210-4D5F-9FA0-D71D04011DF9}"
EndProject
Project("{FAE04EC0-301F-11D3-BF4B-00C04F79EFBC}") = "Common", "Common\Common\Common.csproj", "{DE7A3292-64C8-4265-A94B-DD9962E89453}"
EndProject
Project("{FAE04EC0-301F-11D3-BF4B-00C04F79EFBC}") = "Database", "Common\Database\Database.csproj", "{ABEC7331-50AC-4EF8-B25A-D1754E11BB67}"
EndProject
Project("{FAE04EC0-301F-11D3-BF4B-00C04F79EFBC}") = "CollectorService", "Web Services\CollectorService\CollectorService.csproj", "{D69E9A15-3DB9-4390-A8B3-5A5B794DFE15}"
EndProject
Project("{FAE04EC0-301F-11D3-BF4B-00C04F79EFBC}") = "Data", "Common\Data\Data.csproj", "{7CA6E62C-A9AA-48CB-B0C3-08D7ECA916E9}"
EndProject
Global
	GlobalSection(SolutionConfigurationPlatforms) = preSolution
		Debug|Any CPU = Debug|Any CPU
		Release|Any CPU = Release|Any CPU
	EndGlobalSection
	GlobalSection(ProjectConfigurationPlatforms) = postSolution
		{205EDBCE-0816-4923-9CCA-AACFFC1FE8D8}.Debug|Any CPU.ActiveCfg = Debug|Any CPU
		{205EDBCE-0816-4923-9CCA-AACFFC1FE8D8}.Debug|Any CPU.Build.0 = Debug|Any CPU
		{205EDBCE-0816-4923-9CCA-AACFFC1FE8D8}.Release|Any CPU.ActiveCfg = Release|Any CPU
		{205EDBCE-0816-4923-9CCA-AACFFC1FE8D8}.Release|Any CPU.Build.0 = Release|Any CPU
		{9415A127-7338-4A69-A498-6F2BB1FF9305}.Debug|Any CPU.ActiveCfg = Debug|Any CPU
		{9415A127-7338-4A69-A498-6F2BB1FF9305}.Debug|Any CPU.Build.0 = Debug|Any CPU
		{9415A127-7338-4A69-A498-6F2BB1FF9305}.Release|Any CPU.ActiveCfg = Release|Any CPU
		{9415A127-7338-4A69-A498-6F2BB1FF9305}.Release|Any CPU.Build.0 = Release|Any CPU
		{DE7A3292-64C8-4265-A94B-DD9962E89453}.Debug|Any CPU.ActiveCfg = Debug|Any CPU
		{DE7A3292-64C8-4265-A94B-DD9962E89453}.Debug|Any CPU.Build.0 = Debug|Any CPU
		{DE7A3292-64C8-4265-A94B-DD9962E89453}.Release|Any CPU.ActiveCfg = Release|Any CPU
		{DE7A3292-64C8-4265-A94B-DD9962E89453}.Release|Any CPU.Build.0 = Release|Any CPU
		{ABEC7331-50AC-4EF8-B25A-D1754E11BB67}.Debug|Any CPU.ActiveCfg = Debug|Any CPU
		{ABEC7331-50AC-4EF8-B25A-D1754E11BB67}.Debug|Any CPU.Build.0 = Debug|Any CPU
		{ABEC7331-50AC-4EF8-B25A-D1754E11BB67}.Release|Any CPU.ActiveCfg = Release|Any CPU
		{ABEC7331-50AC-4EF8-B25A-D1754E11BB67}.Release|Any CPU.Build.0 = Release|Any CPU
		{D69E9A15-3DB9-4390-A8B3-5A5B794DFE15}.Debug|Any CPU.ActiveCfg = Debug|Any CPU
		{D69E9A15-3DB9-4390-A8B3-5A5B794DFE15}.Debug|Any CPU.Build.0 = Debug|Any CPU
		{D69E9A15-3DB9-4390-A8B3-5A5B794DFE15}.Release|Any CPU.ActiveCfg = Release|Any CPU
		{D69E9A15-3DB9-4390-A8B3-5A5B794DFE15}.Release|Any CPU.Build.0 = Release|Any CPU
		{7CA6E62C-A9AA-48CB-B0C3-08D7ECA916E9}.Debug|Any CPU.ActiveCfg = Debug|Any CPU
		{7CA6E62C-A9AA-48CB-B0C3-08D7ECA916E9}.Debug|Any CPU.Build.0 = Debug|Any CPU
		{7CA6E62C-A9AA-48CB-B0C3-08D7ECA916E9}.Release|Any CPU.ActiveCfg = Release|Any CPU
		{7CA6E62C-A9AA-48CB-B0C3-08D7ECA916E9}.Release|Any CPU.Build.0 = Release|Any CPU
	EndGlobalSection
	GlobalSection(SolutionProperties) = preSolution
		HideSolutionNode = FALSE
	EndGlobalSection
	GlobalSection(NestedProjects) = preSolution
		{DE7A3292-64C8-4265-A94B-DD9962E89453} = {A2AF542D-9210-4D5F-9FA0-D71D04011DF9}
		{ABEC7331-50AC-4EF8-B25A-D1754E11BB67} = {A2AF542D-9210-4D5F-9FA0-D71D04011DF9}
		{D69E9A15-3DB9-4390-A8B3-5A5B794DFE15} = {0E487B82-0AF6-4297-AAD1-3F6EE18F54B5}
		{7CA6E62C-A9AA-48CB-B0C3-08D7ECA916E9} = {A2AF542D-9210-4D5F-9FA0-D71D04011DF9}
	EndGlobalSection
EndGlobal
