
Microsoft Visual Studio Solution File, Format Version 12.00
# Visual Studio 14
VisualStudioVersion = 14.0.24720.0
MinimumVisualStudioVersion = 10.0.40219.1
Project("{FAE04EC0-301F-11D3-BF4B-00C04F79EFBC}") = "Management", "Management\Management.csproj", "{205EDBCE-0816-4923-9CCA-AACFFC1FE8D8}"
EndProject
Project("{FAE04EC0-301F-11D3-BF4B-00C04F79EFBC}") = "Management.Tests", "Management.Tests\Management.Tests.csproj", "{9415A127-7338-4A69-A498-6F2BB1FF9305}"
EndProject
Global
	GlobalSection(SolutionConfigurationPlatforms) = preSolution
		Debug|Any CPU = Debug|Any CPU
		Release|Any CPU = Release|Any CPU
	EndGlobalSection
	GlobalSection(ProjectConfigurationPlatforms) = postSolution
		{205EDBCE-0816-4923-9CCA-AACFFC1FE8D8}.Debug|Any CPU.ActiveCfg = Debug|Any CPU
		{205EDBCE-0816-4923-9CCA-AACFFC1FE8D8}.Debug|Any CPU.Build.0 = Debug|Any CPU
		{205EDBCE-0816-4923-9CCA-AACFFC1FE8D8}.Release|Any CPU.ActiveCfg = Release|Any CPU
		{205EDBCE-0816-4923-9CCA-AACFFC1FE8D8}.Release|Any CPU.Build.0 = Release|Any CPU
		{9415A127-7338-4A69-A498-6F2BB1FF9305}.Debug|Any CPU.ActiveCfg = Debug|Any CPU
		{9415A127-7338-4A69-A498-6F2BB1FF9305}.Debug|Any CPU.Build.0 = Debug|Any CPU
		{9415A127-7338-4A69-A498-6F2BB1FF9305}.Release|Any CPU.ActiveCfg = Release|Any CPU
		{9415A127-7338-4A69-A498-6F2BB1FF9305}.Release|Any CPU.Build.0 = Release|Any CPU
	EndGlobalSection
	GlobalSection(SolutionProperties) = preSolution
		HideSolutionNode = FALSE
	EndGlobalSection
EndGlobal
